
Microsoft Visual Studio Solution File, Format Version 12.00
# Visual Studio Version 16
VisualStudioVersion = 16.0.29001.49
MinimumVisualStudioVersion = 10.0.40219.1
Project("{FAE04EC0-301F-11D3-BF4B-00C04F79EFBC}") = "move picture", "move picture\move picture.csproj", "{33AB6376-1797-46FB-AA54-2E7D7720CA0B}"
EndProject
Global
	GlobalSection(SolutionConfigurationPlatforms) = preSolution
		Debug|Any CPU = Debug|Any CPU
		Release|Any CPU = Release|Any CPU
	EndGlobalSection
	GlobalSection(ProjectConfigurationPlatforms) = postSolution
		{33AB6376-1797-46FB-AA54-2E7D7720CA0B}.Debug|Any CPU.ActiveCfg = Debug|Any CPU
		{33AB6376-1797-46FB-AA54-2E7D7720CA0B}.Debug|Any CPU.Build.0 = Debug|Any CPU
		{33AB6376-1797-46FB-AA54-2E7D7720CA0B}.Release|Any CPU.ActiveCfg = Release|Any CPU
		{33AB6376-1797-46FB-AA54-2E7D7720CA0B}.Release|Any CPU.Build.0 = Release|Any CPU
	EndGlobalSection
	GlobalSection(SolutionProperties) = preSolution
		HideSolutionNode = FALSE
	EndGlobalSection
	GlobalSection(ExtensibilityGlobals) = postSolution
		SolutionGuid = {021B4A39-55A4-4CAF-9DD0-B4F260C28B01}
	EndGlobalSection
EndGlobal
